
Microsoft Visual Studio Solution File, Format Version 12.00
# Visual Studio Version 17
VisualStudioVersion = 17.14.36203.30 d17.14
MinimumVisualStudioVersion = 10.0.40219.1
Project("{FAE04EC0-301F-11D3-BF4B-00C04F79EFBC}") = "ThreadsExample", "ThreadsExample\ThreadsExample.csproj", "{FF732277-1DAC-4CC4-A351-A802561D34AF}"
EndProject
Project("{FAE04EC0-301F-11D3-BF4B-00C04F79EFBC}") = "TaskProgrammingExamples", "TaskProgrammingExamples\TaskProgrammingExamples.csproj", "{45EF8406-9F22-4E3B-A267-2EAC26448266}"
EndProject
Project("{FAE04EC0-301F-11D3-BF4B-00C04F79EFBC}") = "AsyncAwaitExample", "AsyncAwaitExample\AsyncAwaitExample.csproj", "{9795D0C1-A58F-4BE2-8AA4-D1C06BF411D0}"
EndProject
Global
	GlobalSection(SolutionConfigurationPlatforms) = preSolution
		Debug|Any CPU = Debug|Any CPU
		Release|Any CPU = Release|Any CPU
	EndGlobalSection
	GlobalSection(ProjectConfigurationPlatforms) = postSolution
		{FF732277-1DAC-4CC4-A351-A802561D34AF}.Debug|Any CPU.ActiveCfg = Debug|Any CPU
		{FF732277-1DAC-4CC4-A351-A802561D34AF}.Debug|Any CPU.Build.0 = Debug|Any CPU
		{FF732277-1DAC-4CC4-A351-A802561D34AF}.Release|Any CPU.ActiveCfg = Release|Any CPU
		{FF732277-1DAC-4CC4-A351-A802561D34AF}.Release|Any CPU.Build.0 = Release|Any CPU
		{45EF8406-9F22-4E3B-A267-2EAC26448266}.Debug|Any CPU.ActiveCfg = Debug|Any CPU
		{45EF8406-9F22-4E3B-A267-2EAC26448266}.Debug|Any CPU.Build.0 = Debug|Any CPU
		{45EF8406-9F22-4E3B-A267-2EAC26448266}.Release|Any CPU.ActiveCfg = Release|Any CPU
		{45EF8406-9F22-4E3B-A267-2EAC26448266}.Release|Any CPU.Build.0 = Release|Any CPU
		{9795D0C1-A58F-4BE2-8AA4-D1C06BF411D0}.Debug|Any CPU.ActiveCfg = Debug|Any CPU
		{9795D0C1-A58F-4BE2-8AA4-D1C06BF411D0}.Debug|Any CPU.Build.0 = Debug|Any CPU
		{9795D0C1-A58F-4BE2-8AA4-D1C06BF411D0}.Release|Any CPU.ActiveCfg = Release|Any CPU
		{9795D0C1-A58F-4BE2-8AA4-D1C06BF411D0}.Release|Any CPU.Build.0 = Release|Any CPU
	EndGlobalSection
	GlobalSection(SolutionProperties) = preSolution
		HideSolutionNode = FALSE
	EndGlobalSection
	GlobalSection(ExtensibilityGlobals) = postSolution
		SolutionGuid = {88378410-B006-41A1-A7B5-31E6F02E1C1D}
	EndGlobalSection
EndGlobal
