
Microsoft Visual Studio Solution File, Format Version 12.00
# Visual Studio Version 17
VisualStudioVersion = 17.14.36203.30 d17.14
MinimumVisualStudioVersion = 10.0.40219.1
Project("{FAE04EC0-301F-11D3-BF4B-00C04F79EFBC}") = "StudentInterviewApp", "StudentInterviewApp\StudentInterviewApp.csproj", "{FE128E87-6B78-4E86-AD6F-5B12A9CBFD28}"
EndProject
Global
	GlobalSection(SolutionConfigurationPlatforms) = preSolution
		Debug|Any CPU = Debug|Any CPU
		Release|Any CPU = Release|Any CPU
	EndGlobalSection
	GlobalSection(ProjectConfigurationPlatforms) = postSolution
		{FE128E87-6B78-4E86-AD6F-5B12A9CBFD28}.Debug|Any CPU.ActiveCfg = Debug|Any CPU
		{FE128E87-6B78-4E86-AD6F-5B12A9CBFD28}.Debug|Any CPU.Build.0 = Debug|Any CPU
		{FE128E87-6B78-4E86-AD6F-5B12A9CBFD28}.Release|Any CPU.ActiveCfg = Release|Any CPU
		{FE128E87-6B78-4E86-AD6F-5B12A9CBFD28}.Release|Any CPU.Build.0 = Release|Any CPU
	EndGlobalSection
	GlobalSection(SolutionProperties) = preSolution
		HideSolutionNode = FALSE
	EndGlobalSection
	GlobalSection(ExtensibilityGlobals) = postSolution
		SolutionGuid = {40459ACB-D11B-49F5-A27B-1249442C7641}
	EndGlobalSection
EndGlobal
