
Microsoft Visual Studio Solution File, Format Version 12.00
# Visual Studio Version 17
VisualStudioVersion = 17.14.36203.30 d17.14
MinimumVisualStudioVersion = 10.0.40219.1
Project("{FAE04EC0-301F-11D3-BF4B-00C04F79EFBC}") = "India", "India\India.csproj", "{C7914749-C94E-4AB2-9D4B-6EBB1E1EF834}"
EndProject
Project("{FAE04EC0-301F-11D3-BF4B-00C04F79EFBC}") = "Infoway", "Infoway\Infoway.csproj", "{24F922F1-E986-4DD9-8372-9ED0AB0B9EF2}"
EndProject
Global
	GlobalSection(SolutionConfigurationPlatforms) = preSolution
		Debug|Any CPU = Debug|Any CPU
		Release|Any CPU = Release|Any CPU
	EndGlobalSection
	GlobalSection(ProjectConfigurationPlatforms) = postSolution
		{C7914749-C94E-4AB2-9D4B-6EBB1E1EF834}.Debug|Any CPU.ActiveCfg = Debug|Any CPU
		{C7914749-C94E-4AB2-9D4B-6EBB1E1EF834}.Debug|Any CPU.Build.0 = Debug|Any CPU
		{C7914749-C94E-4AB2-9D4B-6EBB1E1EF834}.Release|Any CPU.ActiveCfg = Release|Any CPU
		{C7914749-C94E-4AB2-9D4B-6EBB1E1EF834}.Release|Any CPU.Build.0 = Release|Any CPU
		{24F922F1-E986-4DD9-8372-9ED0AB0B9EF2}.Debug|Any CPU.ActiveCfg = Debug|Any CPU
		{24F922F1-E986-4DD9-8372-9ED0AB0B9EF2}.Debug|Any CPU.Build.0 = Debug|Any CPU
		{24F922F1-E986-4DD9-8372-9ED0AB0B9EF2}.Release|Any CPU.ActiveCfg = Release|Any CPU
		{24F922F1-E986-4DD9-8372-9ED0AB0B9EF2}.Release|Any CPU.Build.0 = Release|Any CPU
	EndGlobalSection
	GlobalSection(SolutionProperties) = preSolution
		HideSolutionNode = FALSE
	EndGlobalSection
	GlobalSection(ExtensibilityGlobals) = postSolution
		SolutionGuid = {4D4B7B2F-97B9-41C8-9FCA-4A07348CA8B7}
	EndGlobalSection
EndGlobal
