
Microsoft Visual Studio Solution File, Format Version 12.00
# Visual Studio Version 17
VisualStudioVersion = 17.14.36203.30 d17.14
MinimumVisualStudioVersion = 10.0.40219.1
Project("{FAE04EC0-301F-11D3-BF4B-00C04F79EFBC}") = "FirstConsoleApp", "FirstConsoleApp\FirstConsoleApp.csproj", "{C11EFF0D-B627-4156-A607-8A1AA0CA2351}"
EndProject
Global
	GlobalSection(SolutionConfigurationPlatforms) = preSolution
		Debug|Any CPU = Debug|Any CPU
		Release|Any CPU = Release|Any CPU
	EndGlobalSection
	GlobalSection(ProjectConfigurationPlatforms) = postSolution
		{C11EFF0D-B627-4156-A607-8A1AA0CA2351}.Debug|Any CPU.ActiveCfg = Debug|Any CPU
		{C11EFF0D-B627-4156-A607-8A1AA0CA2351}.Debug|Any CPU.Build.0 = Debug|Any CPU
		{C11EFF0D-B627-4156-A607-8A1AA0CA2351}.Release|Any CPU.ActiveCfg = Release|Any CPU
		{C11EFF0D-B627-4156-A607-8A1AA0CA2351}.Release|Any CPU.Build.0 = Release|Any CPU
	EndGlobalSection
	GlobalSection(SolutionProperties) = preSolution
		HideSolutionNode = FALSE
	EndGlobalSection
	GlobalSection(ExtensibilityGlobals) = postSolution
		SolutionGuid = {1535966A-BE6C-46F0-B8E3-E212F8B20521}
	EndGlobalSection
EndGlobal
